
Microsoft Visual Studio Solution File, Format Version 12.00
# Visual Studio 14
VisualStudioVersion = 14.0.25420.1
MinimumVisualStudioVersion = 10.0.40219.1
Project("{8BC9CEB8-8B4A-11D0-8D11-00A0C91BC942}") = "ProblemSolving", "ProblemSolving\ProblemSolving.vcxproj", "{B9C05825-2681-4972-81D5-E99D667975B9}"
EndProject
Project("{8BC9CEB8-8B4A-11D0-8D11-00A0C91BC942}") = "0_1_max_min", "0_1_max_min\0_1_max_min.vcxproj", "{D6630AA5-2BB6-4E20-A790-2AE0270F5384}"
EndProject
Project("{8BC9CEB8-8B4A-11D0-8D11-00A0C91BC942}") = "0_2_swap", "0_2_swap\0_2_swap.vcxproj", "{2890FC53-E000-43F0-BFC7-45F8CAC9B32F}"
EndProject
Project("{8BC9CEB8-8B4A-11D0-8D11-00A0C91BC942}") = "0_3_array_rotation", "0_3_array_rotation\0_3_array_rotation.vcxproj", "{D1C71386-4B5E-4B3D-AF75-04C9A8B4D341}"
EndProject
Project("{8BC9CEB8-8B4A-11D0-8D11-00A0C91BC942}") = "0_4_bank", "0_4_bank\0_4_bank.vcxproj", "{C51F170E-FA57-42ED-96EA-E1A3D5A3748A}"
EndProject
Project("{8BC9CEB8-8B4A-11D0-8D11-00A0C91BC942}") = "0_5_linked_list", "0_5_linked_list\0_5_linked_list.vcxproj", "{CEEFCAF7-C9A1-4A6C-BF81-4A82A9D219B9}"
EndProject
Project("{8BC9CEB8-8B4A-11D0-8D11-00A0C91BC942}") = "M1708", "M1708\M1708.vcxproj", "{71320B9E-3903-4C61-B1E9-3F43EE4EA273}"
EndProject
Global
	GlobalSection(SolutionConfigurationPlatforms) = preSolution
		Debug|x64 = Debug|x64
		Debug|x86 = Debug|x86
		Release|x64 = Release|x64
		Release|x86 = Release|x86
	EndGlobalSection
	GlobalSection(ProjectConfigurationPlatforms) = postSolution
		{B9C05825-2681-4972-81D5-E99D667975B9}.Debug|x64.ActiveCfg = Debug|x64
		{B9C05825-2681-4972-81D5-E99D667975B9}.Debug|x64.Build.0 = Debug|x64
		{B9C05825-2681-4972-81D5-E99D667975B9}.Debug|x86.ActiveCfg = Debug|Win32
		{B9C05825-2681-4972-81D5-E99D667975B9}.Debug|x86.Build.0 = Debug|Win32
		{B9C05825-2681-4972-81D5-E99D667975B9}.Release|x64.ActiveCfg = Release|x64
		{B9C05825-2681-4972-81D5-E99D667975B9}.Release|x64.Build.0 = Release|x64
		{B9C05825-2681-4972-81D5-E99D667975B9}.Release|x86.ActiveCfg = Release|Win32
		{B9C05825-2681-4972-81D5-E99D667975B9}.Release|x86.Build.0 = Release|Win32
		{D6630AA5-2BB6-4E20-A790-2AE0270F5384}.Debug|x64.ActiveCfg = Debug|x64
		{D6630AA5-2BB6-4E20-A790-2AE0270F5384}.Debug|x64.Build.0 = Debug|x64
		{D6630AA5-2BB6-4E20-A790-2AE0270F5384}.Debug|x86.ActiveCfg = Debug|Win32
		{D6630AA5-2BB6-4E20-A790-2AE0270F5384}.Debug|x86.Build.0 = Debug|Win32
		{D6630AA5-2BB6-4E20-A790-2AE0270F5384}.Release|x64.ActiveCfg = Release|x64
		{D6630AA5-2BB6-4E20-A790-2AE0270F5384}.Release|x64.Build.0 = Release|x64
		{D6630AA5-2BB6-4E20-A790-2AE0270F5384}.Release|x86.ActiveCfg = Release|Win32
		{D6630AA5-2BB6-4E20-A790-2AE0270F5384}.Release|x86.Build.0 = Release|Win32
		{2890FC53-E000-43F0-BFC7-45F8CAC9B32F}.Debug|x64.ActiveCfg = Debug|x64
		{2890FC53-E000-43F0-BFC7-45F8CAC9B32F}.Debug|x64.Build.0 = Debug|x64
		{2890FC53-E000-43F0-BFC7-45F8CAC9B32F}.Debug|x86.ActiveCfg = Debug|Win32
		{2890FC53-E000-43F0-BFC7-45F8CAC9B32F}.Debug|x86.Build.0 = Debug|Win32
		{2890FC53-E000-43F0-BFC7-45F8CAC9B32F}.Release|x64.ActiveCfg = Release|x64
		{2890FC53-E000-43F0-BFC7-45F8CAC9B32F}.Release|x64.Build.0 = Release|x64
		{2890FC53-E000-43F0-BFC7-45F8CAC9B32F}.Release|x86.ActiveCfg = Release|Win32
		{2890FC53-E000-43F0-BFC7-45F8CAC9B32F}.Release|x86.Build.0 = Release|Win32
		{D1C71386-4B5E-4B3D-AF75-04C9A8B4D341}.Debug|x64.ActiveCfg = Debug|x64
		{D1C71386-4B5E-4B3D-AF75-04C9A8B4D341}.Debug|x64.Build.0 = Debug|x64
		{D1C71386-4B5E-4B3D-AF75-04C9A8B4D341}.Debug|x86.ActiveCfg = Debug|Win32
		{D1C71386-4B5E-4B3D-AF75-04C9A8B4D341}.Debug|x86.Build.0 = Debug|Win32
		{D1C71386-4B5E-4B3D-AF75-04C9A8B4D341}.Release|x64.ActiveCfg = Release|x64
		{D1C71386-4B5E-4B3D-AF75-04C9A8B4D341}.Release|x64.Build.0 = Release|x64
		{D1C71386-4B5E-4B3D-AF75-04C9A8B4D341}.Release|x86.ActiveCfg = Release|Win32
		{D1C71386-4B5E-4B3D-AF75-04C9A8B4D341}.Release|x86.Build.0 = Release|Win32
		{C51F170E-FA57-42ED-96EA-E1A3D5A3748A}.Debug|x64.ActiveCfg = Debug|x64
		{C51F170E-FA57-42ED-96EA-E1A3D5A3748A}.Debug|x64.Build.0 = Debug|x64
		{C51F170E-FA57-42ED-96EA-E1A3D5A3748A}.Debug|x86.ActiveCfg = Debug|Win32
		{C51F170E-FA57-42ED-96EA-E1A3D5A3748A}.Debug|x86.Build.0 = Debug|Win32
		{C51F170E-FA57-42ED-96EA-E1A3D5A3748A}.Release|x64.ActiveCfg = Release|x64
		{C51F170E-FA57-42ED-96EA-E1A3D5A3748A}.Release|x64.Build.0 = Release|x64
		{C51F170E-FA57-42ED-96EA-E1A3D5A3748A}.Release|x86.ActiveCfg = Release|Win32
		{C51F170E-FA57-42ED-96EA-E1A3D5A3748A}.Release|x86.Build.0 = Release|Win32
		{CEEFCAF7-C9A1-4A6C-BF81-4A82A9D219B9}.Debug|x64.ActiveCfg = Debug|x64
		{CEEFCAF7-C9A1-4A6C-BF81-4A82A9D219B9}.Debug|x64.Build.0 = Debug|x64
		{CEEFCAF7-C9A1-4A6C-BF81-4A82A9D219B9}.Debug|x86.ActiveCfg = Debug|Win32
		{CEEFCAF7-C9A1-4A6C-BF81-4A82A9D219B9}.Debug|x86.Build.0 = Debug|Win32
		{CEEFCAF7-C9A1-4A6C-BF81-4A82A9D219B9}.Release|x64.ActiveCfg = Release|x64
		{CEEFCAF7-C9A1-4A6C-BF81-4A82A9D219B9}.Release|x64.Build.0 = Release|x64
		{CEEFCAF7-C9A1-4A6C-BF81-4A82A9D219B9}.Release|x86.ActiveCfg = Release|Win32
		{CEEFCAF7-C9A1-4A6C-BF81-4A82A9D219B9}.Release|x86.Build.0 = Release|Win32
		{71320B9E-3903-4C61-B1E9-3F43EE4EA273}.Debug|x64.ActiveCfg = Debug|x64
		{71320B9E-3903-4C61-B1E9-3F43EE4EA273}.Debug|x64.Build.0 = Debug|x64
		{71320B9E-3903-4C61-B1E9-3F43EE4EA273}.Debug|x86.ActiveCfg = Debug|Win32
		{71320B9E-3903-4C61-B1E9-3F43EE4EA273}.Debug|x86.Build.0 = Debug|Win32
		{71320B9E-3903-4C61-B1E9-3F43EE4EA273}.Release|x64.ActiveCfg = Release|x64
		{71320B9E-3903-4C61-B1E9-3F43EE4EA273}.Release|x64.Build.0 = Release|x64
		{71320B9E-3903-4C61-B1E9-3F43EE4EA273}.Release|x86.ActiveCfg = Release|Win32
		{71320B9E-3903-4C61-B1E9-3F43EE4EA273}.Release|x86.Build.0 = Release|Win32
	EndGlobalSection
	GlobalSection(SolutionProperties) = preSolution
		HideSolutionNode = FALSE
	EndGlobalSection
EndGlobal
