
Microsoft Visual Studio Solution File, Format Version 12.00
# Visual Studio 14
VisualStudioVersion = 14.0.25420.1
MinimumVisualStudioVersion = 10.0.40219.1
Project("{8BC9CEB8-8B4A-11D0-8D11-00A0C91BC942}") = "ProblemSolving", "ProblemSolving\ProblemSolving.vcxproj", "{B9C05825-2681-4972-81D5-E99D667975B9}"
EndProject
Project("{8BC9CEB8-8B4A-11D0-8D11-00A0C91BC942}") = "0_1_max_min", "0_1_max_min\0_1_max_min.vcxproj", "{D6630AA5-2BB6-4E20-A790-2AE0270F5384}"
EndProject
Project("{8BC9CEB8-8B4A-11D0-8D11-00A0C91BC942}") = "0_2_swap", "0_2_swap\0_2_swap.vcxproj", "{2890FC53-E000-43F0-BFC7-45F8CAC9B32F}"
EndProject
Project("{8BC9CEB8-8B4A-11D0-8D11-00A0C91BC942}") = "0_3_array_rotation", "0_3_array_rotation\0_3_array_rotation.vcxproj", "{D1C71386-4B5E-4B3D-AF75-04C9A8B4D341}"
EndProject
Project("{8BC9CEB8-8B4A-11D0-8D11-00A0C91BC942}") = "0_4_bank", "0_4_bank\0_4_bank.vcxproj", "{C51F170E-FA57-42ED-96EA-E1A3D5A3748A}"
EndProject
Project("{8BC9CEB8-8B4A-11D0-8D11-00A0C91BC942}") = "0_5_linked_list", "0_5_linked_list\0_5_linked_list.vcxproj", "{CEEFCAF7-C9A1-4A6C-BF81-4A82A9D219B9}"
EndProject
Project("{8BC9CEB8-8B4A-11D0-8D11-00A0C91BC942}") = "M1708", "M1708\M1708.vcxproj", "{71320B9E-3903-4C61-B1E9-3F43EE4EA273}"
EndProject
Project("{8BC9CEB8-8B4A-11D0-8D11-00A0C91BC942}") = "M1711", "M1711\M1711.vcxproj", "{3978E440-1C19-411C-B9CE-E4D79CB7E0D6}"
EndProject
Project("{8BC9CEB8-8B4A-11D0-8D11-00A0C91BC942}") = "M1710", "M1710\M1710.vcxproj", "{61328DB2-3630-4917-A765-4C3794B81A78}"
EndProject
Project("{8BC9CEB8-8B4A-11D0-8D11-00A0C91BC942}") = "H1636", "H1636\H1636.vcxproj", "{C31AE60D-1A38-44AD-9EDC-028987B8BD91}"
EndProject
Project("{8BC9CEB8-8B4A-11D0-8D11-00A0C91BC942}") = "M3", "M3\M3.vcxproj", "{AD4E7972-7884-465F-B6C4-790130BFCF3B}"
EndProject
Project("{8BC9CEB8-8B4A-11D0-8D11-00A0C91BC942}") = "MH36", "MH36\MH36.vcxproj", "{5BDD714B-54E8-4011-984B-A66498CD399A}"
EndProject
Project("{8BC9CEB8-8B4A-11D0-8D11-00A0C91BC942}") = "MH13", "MH13\MH13.vcxproj", "{FA8032C6-C5B2-4D06-BF60-37A548A9EC8C}"
EndProject
Project("{8BC9CEB8-8B4A-11D0-8D11-00A0C91BC942}") = "DFS_searching", "DFS_searching\DFS_searching.vcxproj", "{F21D2142-C924-4ED0-9438-D83C594C4151}"
EndProject
Project("{8BC9CEB8-8B4A-11D0-8D11-00A0C91BC942}") = "BFS_search", "BFS_search\BFS_search.vcxproj", "{236A196C-5E36-4DBF-8E0C-AD20FD137867}"
EndProject
Project("{8BC9CEB8-8B4A-11D0-8D11-00A0C91BC942}") = "DFS_algorithm", "DFS_algorithm\DFS_algorithm.vcxproj", "{5F369B53-4FD1-4895-9DA0-744C24443534}"
EndProject
Project("{8BC9CEB8-8B4A-11D0-8D11-00A0C91BC942}") = "BFS_algorithm", "BFS_algorithm\BFS_algorithm.vcxproj", "{2F4AFF99-6C6B-42A5-961A-7714F8278D57}"
EndProject
Project("{8BC9CEB8-8B4A-11D0-8D11-00A0C91BC942}") = "Hash", "Hash\Hash.vcxproj", "{9BA278E9-0E24-4C68-BAA1-802A35E55BC8}"
EndProject
Project("{8BC9CEB8-8B4A-11D0-8D11-00A0C91BC942}") = "Linked List", "Linked List\Linked List.vcxproj", "{E9F68632-748F-4CBB-9657-671A3CEB384B}"
EndProject
Project("{8BC9CEB8-8B4A-11D0-8D11-00A0C91BC942}") = "Stack", "Stack\Stack.vcxproj", "{F250EF7A-06F3-4170-83EB-46E720551A99}"
EndProject
Project("{8BC9CEB8-8B4A-11D0-8D11-00A0C91BC942}") = "Queue", "Queue\Queue.vcxproj", "{BCFC1471-7D5D-4BF7-9723-94BBA51B3037}"
EndProject
Global
	GlobalSection(SolutionConfigurationPlatforms) = preSolution
		Debug|x64 = Debug|x64
		Debug|x86 = Debug|x86
		Release|x64 = Release|x64
		Release|x86 = Release|x86
	EndGlobalSection
	GlobalSection(ProjectConfigurationPlatforms) = postSolution
		{B9C05825-2681-4972-81D5-E99D667975B9}.Debug|x64.ActiveCfg = Debug|x64
		{B9C05825-2681-4972-81D5-E99D667975B9}.Debug|x64.Build.0 = Debug|x64
		{B9C05825-2681-4972-81D5-E99D667975B9}.Debug|x86.ActiveCfg = Debug|Win32
		{B9C05825-2681-4972-81D5-E99D667975B9}.Debug|x86.Build.0 = Debug|Win32
		{B9C05825-2681-4972-81D5-E99D667975B9}.Release|x64.ActiveCfg = Release|x64
		{B9C05825-2681-4972-81D5-E99D667975B9}.Release|x64.Build.0 = Release|x64
		{B9C05825-2681-4972-81D5-E99D667975B9}.Release|x86.ActiveCfg = Release|Win32
		{B9C05825-2681-4972-81D5-E99D667975B9}.Release|x86.Build.0 = Release|Win32
		{D6630AA5-2BB6-4E20-A790-2AE0270F5384}.Debug|x64.ActiveCfg = Debug|x64
		{D6630AA5-2BB6-4E20-A790-2AE0270F5384}.Debug|x64.Build.0 = Debug|x64
		{D6630AA5-2BB6-4E20-A790-2AE0270F5384}.Debug|x86.ActiveCfg = Debug|Win32
		{D6630AA5-2BB6-4E20-A790-2AE0270F5384}.Debug|x86.Build.0 = Debug|Win32
		{D6630AA5-2BB6-4E20-A790-2AE0270F5384}.Release|x64.ActiveCfg = Release|x64
		{D6630AA5-2BB6-4E20-A790-2AE0270F5384}.Release|x64.Build.0 = Release|x64
		{D6630AA5-2BB6-4E20-A790-2AE0270F5384}.Release|x86.ActiveCfg = Release|Win32
		{D6630AA5-2BB6-4E20-A790-2AE0270F5384}.Release|x86.Build.0 = Release|Win32
		{2890FC53-E000-43F0-BFC7-45F8CAC9B32F}.Debug|x64.ActiveCfg = Debug|x64
		{2890FC53-E000-43F0-BFC7-45F8CAC9B32F}.Debug|x64.Build.0 = Debug|x64
		{2890FC53-E000-43F0-BFC7-45F8CAC9B32F}.Debug|x86.ActiveCfg = Debug|Win32
		{2890FC53-E000-43F0-BFC7-45F8CAC9B32F}.Debug|x86.Build.0 = Debug|Win32
		{2890FC53-E000-43F0-BFC7-45F8CAC9B32F}.Release|x64.ActiveCfg = Release|x64
		{2890FC53-E000-43F0-BFC7-45F8CAC9B32F}.Release|x64.Build.0 = Release|x64
		{2890FC53-E000-43F0-BFC7-45F8CAC9B32F}.Release|x86.ActiveCfg = Release|Win32
		{2890FC53-E000-43F0-BFC7-45F8CAC9B32F}.Release|x86.Build.0 = Release|Win32
		{D1C71386-4B5E-4B3D-AF75-04C9A8B4D341}.Debug|x64.ActiveCfg = Debug|x64
		{D1C71386-4B5E-4B3D-AF75-04C9A8B4D341}.Debug|x64.Build.0 = Debug|x64
		{D1C71386-4B5E-4B3D-AF75-04C9A8B4D341}.Debug|x86.ActiveCfg = Debug|Win32
		{D1C71386-4B5E-4B3D-AF75-04C9A8B4D341}.Debug|x86.Build.0 = Debug|Win32
		{D1C71386-4B5E-4B3D-AF75-04C9A8B4D341}.Release|x64.ActiveCfg = Release|x64
		{D1C71386-4B5E-4B3D-AF75-04C9A8B4D341}.Release|x64.Build.0 = Release|x64
		{D1C71386-4B5E-4B3D-AF75-04C9A8B4D341}.Release|x86.ActiveCfg = Release|Win32
		{D1C71386-4B5E-4B3D-AF75-04C9A8B4D341}.Release|x86.Build.0 = Release|Win32
		{C51F170E-FA57-42ED-96EA-E1A3D5A3748A}.Debug|x64.ActiveCfg = Debug|x64
		{C51F170E-FA57-42ED-96EA-E1A3D5A3748A}.Debug|x64.Build.0 = Debug|x64
		{C51F170E-FA57-42ED-96EA-E1A3D5A3748A}.Debug|x86.ActiveCfg = Debug|Win32
		{C51F170E-FA57-42ED-96EA-E1A3D5A3748A}.Debug|x86.Build.0 = Debug|Win32
		{C51F170E-FA57-42ED-96EA-E1A3D5A3748A}.Release|x64.ActiveCfg = Release|x64
		{C51F170E-FA57-42ED-96EA-E1A3D5A3748A}.Release|x64.Build.0 = Release|x64
		{C51F170E-FA57-42ED-96EA-E1A3D5A3748A}.Release|x86.ActiveCfg = Release|Win32
		{C51F170E-FA57-42ED-96EA-E1A3D5A3748A}.Release|x86.Build.0 = Release|Win32
		{CEEFCAF7-C9A1-4A6C-BF81-4A82A9D219B9}.Debug|x64.ActiveCfg = Debug|x64
		{CEEFCAF7-C9A1-4A6C-BF81-4A82A9D219B9}.Debug|x64.Build.0 = Debug|x64
		{CEEFCAF7-C9A1-4A6C-BF81-4A82A9D219B9}.Debug|x86.ActiveCfg = Debug|Win32
		{CEEFCAF7-C9A1-4A6C-BF81-4A82A9D219B9}.Debug|x86.Build.0 = Debug|Win32
		{CEEFCAF7-C9A1-4A6C-BF81-4A82A9D219B9}.Release|x64.ActiveCfg = Release|x64
		{CEEFCAF7-C9A1-4A6C-BF81-4A82A9D219B9}.Release|x64.Build.0 = Release|x64
		{CEEFCAF7-C9A1-4A6C-BF81-4A82A9D219B9}.Release|x86.ActiveCfg = Release|Win32
		{CEEFCAF7-C9A1-4A6C-BF81-4A82A9D219B9}.Release|x86.Build.0 = Release|Win32
		{71320B9E-3903-4C61-B1E9-3F43EE4EA273}.Debug|x64.ActiveCfg = Debug|x64
		{71320B9E-3903-4C61-B1E9-3F43EE4EA273}.Debug|x64.Build.0 = Debug|x64
		{71320B9E-3903-4C61-B1E9-3F43EE4EA273}.Debug|x86.ActiveCfg = Debug|Win32
		{71320B9E-3903-4C61-B1E9-3F43EE4EA273}.Debug|x86.Build.0 = Debug|Win32
		{71320B9E-3903-4C61-B1E9-3F43EE4EA273}.Release|x64.ActiveCfg = Release|x64
		{71320B9E-3903-4C61-B1E9-3F43EE4EA273}.Release|x64.Build.0 = Release|x64
		{71320B9E-3903-4C61-B1E9-3F43EE4EA273}.Release|x86.ActiveCfg = Release|Win32
		{71320B9E-3903-4C61-B1E9-3F43EE4EA273}.Release|x86.Build.0 = Release|Win32
		{3978E440-1C19-411C-B9CE-E4D79CB7E0D6}.Debug|x64.ActiveCfg = Debug|x64
		{3978E440-1C19-411C-B9CE-E4D79CB7E0D6}.Debug|x64.Build.0 = Debug|x64
		{3978E440-1C19-411C-B9CE-E4D79CB7E0D6}.Debug|x86.ActiveCfg = Debug|Win32
		{3978E440-1C19-411C-B9CE-E4D79CB7E0D6}.Debug|x86.Build.0 = Debug|Win32
		{3978E440-1C19-411C-B9CE-E4D79CB7E0D6}.Release|x64.ActiveCfg = Release|x64
		{3978E440-1C19-411C-B9CE-E4D79CB7E0D6}.Release|x64.Build.0 = Release|x64
		{3978E440-1C19-411C-B9CE-E4D79CB7E0D6}.Release|x86.ActiveCfg = Release|Win32
		{3978E440-1C19-411C-B9CE-E4D79CB7E0D6}.Release|x86.Build.0 = Release|Win32
		{61328DB2-3630-4917-A765-4C3794B81A78}.Debug|x64.ActiveCfg = Debug|x64
		{61328DB2-3630-4917-A765-4C3794B81A78}.Debug|x64.Build.0 = Debug|x64
		{61328DB2-3630-4917-A765-4C3794B81A78}.Debug|x86.ActiveCfg = Debug|Win32
		{61328DB2-3630-4917-A765-4C3794B81A78}.Debug|x86.Build.0 = Debug|Win32
		{61328DB2-3630-4917-A765-4C3794B81A78}.Release|x64.ActiveCfg = Release|x64
		{61328DB2-3630-4917-A765-4C3794B81A78}.Release|x64.Build.0 = Release|x64
		{61328DB2-3630-4917-A765-4C3794B81A78}.Release|x86.ActiveCfg = Release|Win32
		{61328DB2-3630-4917-A765-4C3794B81A78}.Release|x86.Build.0 = Release|Win32
		{C31AE60D-1A38-44AD-9EDC-028987B8BD91}.Debug|x64.ActiveCfg = Debug|x64
		{C31AE60D-1A38-44AD-9EDC-028987B8BD91}.Debug|x64.Build.0 = Debug|x64
		{C31AE60D-1A38-44AD-9EDC-028987B8BD91}.Debug|x86.ActiveCfg = Debug|Win32
		{C31AE60D-1A38-44AD-9EDC-028987B8BD91}.Debug|x86.Build.0 = Debug|Win32
		{C31AE60D-1A38-44AD-9EDC-028987B8BD91}.Release|x64.ActiveCfg = Release|x64
		{C31AE60D-1A38-44AD-9EDC-028987B8BD91}.Release|x64.Build.0 = Release|x64
		{C31AE60D-1A38-44AD-9EDC-028987B8BD91}.Release|x86.ActiveCfg = Release|Win32
		{C31AE60D-1A38-44AD-9EDC-028987B8BD91}.Release|x86.Build.0 = Release|Win32
		{AD4E7972-7884-465F-B6C4-790130BFCF3B}.Debug|x64.ActiveCfg = Debug|x64
		{AD4E7972-7884-465F-B6C4-790130BFCF3B}.Debug|x64.Build.0 = Debug|x64
		{AD4E7972-7884-465F-B6C4-790130BFCF3B}.Debug|x86.ActiveCfg = Debug|Win32
		{AD4E7972-7884-465F-B6C4-790130BFCF3B}.Debug|x86.Build.0 = Debug|Win32
		{AD4E7972-7884-465F-B6C4-790130BFCF3B}.Release|x64.ActiveCfg = Release|x64
		{AD4E7972-7884-465F-B6C4-790130BFCF3B}.Release|x64.Build.0 = Release|x64
		{AD4E7972-7884-465F-B6C4-790130BFCF3B}.Release|x86.ActiveCfg = Release|Win32
		{AD4E7972-7884-465F-B6C4-790130BFCF3B}.Release|x86.Build.0 = Release|Win32
		{5BDD714B-54E8-4011-984B-A66498CD399A}.Debug|x64.ActiveCfg = Debug|x64
		{5BDD714B-54E8-4011-984B-A66498CD399A}.Debug|x64.Build.0 = Debug|x64
		{5BDD714B-54E8-4011-984B-A66498CD399A}.Debug|x86.ActiveCfg = Debug|Win32
		{5BDD714B-54E8-4011-984B-A66498CD399A}.Debug|x86.Build.0 = Debug|Win32
		{5BDD714B-54E8-4011-984B-A66498CD399A}.Release|x64.ActiveCfg = Release|x64
		{5BDD714B-54E8-4011-984B-A66498CD399A}.Release|x64.Build.0 = Release|x64
		{5BDD714B-54E8-4011-984B-A66498CD399A}.Release|x86.ActiveCfg = Release|Win32
		{5BDD714B-54E8-4011-984B-A66498CD399A}.Release|x86.Build.0 = Release|Win32
		{FA8032C6-C5B2-4D06-BF60-37A548A9EC8C}.Debug|x64.ActiveCfg = Debug|x64
		{FA8032C6-C5B2-4D06-BF60-37A548A9EC8C}.Debug|x64.Build.0 = Debug|x64
		{FA8032C6-C5B2-4D06-BF60-37A548A9EC8C}.Debug|x86.ActiveCfg = Debug|Win32
		{FA8032C6-C5B2-4D06-BF60-37A548A9EC8C}.Debug|x86.Build.0 = Debug|Win32
		{FA8032C6-C5B2-4D06-BF60-37A548A9EC8C}.Release|x64.ActiveCfg = Release|x64
		{FA8032C6-C5B2-4D06-BF60-37A548A9EC8C}.Release|x64.Build.0 = Release|x64
		{FA8032C6-C5B2-4D06-BF60-37A548A9EC8C}.Release|x86.ActiveCfg = Release|Win32
		{FA8032C6-C5B2-4D06-BF60-37A548A9EC8C}.Release|x86.Build.0 = Release|Win32
		{F21D2142-C924-4ED0-9438-D83C594C4151}.Debug|x64.ActiveCfg = Debug|x64
		{F21D2142-C924-4ED0-9438-D83C594C4151}.Debug|x64.Build.0 = Debug|x64
		{F21D2142-C924-4ED0-9438-D83C594C4151}.Debug|x86.ActiveCfg = Debug|Win32
		{F21D2142-C924-4ED0-9438-D83C594C4151}.Debug|x86.Build.0 = Debug|Win32
		{F21D2142-C924-4ED0-9438-D83C594C4151}.Release|x64.ActiveCfg = Release|x64
		{F21D2142-C924-4ED0-9438-D83C594C4151}.Release|x64.Build.0 = Release|x64
		{F21D2142-C924-4ED0-9438-D83C594C4151}.Release|x86.ActiveCfg = Release|Win32
		{F21D2142-C924-4ED0-9438-D83C594C4151}.Release|x86.Build.0 = Release|Win32
		{236A196C-5E36-4DBF-8E0C-AD20FD137867}.Debug|x64.ActiveCfg = Debug|x64
		{236A196C-5E36-4DBF-8E0C-AD20FD137867}.Debug|x64.Build.0 = Debug|x64
		{236A196C-5E36-4DBF-8E0C-AD20FD137867}.Debug|x86.ActiveCfg = Debug|Win32
		{236A196C-5E36-4DBF-8E0C-AD20FD137867}.Debug|x86.Build.0 = Debug|Win32
		{236A196C-5E36-4DBF-8E0C-AD20FD137867}.Release|x64.ActiveCfg = Release|x64
		{236A196C-5E36-4DBF-8E0C-AD20FD137867}.Release|x64.Build.0 = Release|x64
		{236A196C-5E36-4DBF-8E0C-AD20FD137867}.Release|x86.ActiveCfg = Release|Win32
		{236A196C-5E36-4DBF-8E0C-AD20FD137867}.Release|x86.Build.0 = Release|Win32
		{5F369B53-4FD1-4895-9DA0-744C24443534}.Debug|x64.ActiveCfg = Debug|x64
		{5F369B53-4FD1-4895-9DA0-744C24443534}.Debug|x64.Build.0 = Debug|x64
		{5F369B53-4FD1-4895-9DA0-744C24443534}.Debug|x86.ActiveCfg = Debug|Win32
		{5F369B53-4FD1-4895-9DA0-744C24443534}.Debug|x86.Build.0 = Debug|Win32
		{5F369B53-4FD1-4895-9DA0-744C24443534}.Release|x64.ActiveCfg = Release|x64
		{5F369B53-4FD1-4895-9DA0-744C24443534}.Release|x64.Build.0 = Release|x64
		{5F369B53-4FD1-4895-9DA0-744C24443534}.Release|x86.ActiveCfg = Release|Win32
		{5F369B53-4FD1-4895-9DA0-744C24443534}.Release|x86.Build.0 = Release|Win32
		{2F4AFF99-6C6B-42A5-961A-7714F8278D57}.Debug|x64.ActiveCfg = Debug|x64
		{2F4AFF99-6C6B-42A5-961A-7714F8278D57}.Debug|x64.Build.0 = Debug|x64
		{2F4AFF99-6C6B-42A5-961A-7714F8278D57}.Debug|x86.ActiveCfg = Debug|Win32
		{2F4AFF99-6C6B-42A5-961A-7714F8278D57}.Debug|x86.Build.0 = Debug|Win32
		{2F4AFF99-6C6B-42A5-961A-7714F8278D57}.Release|x64.ActiveCfg = Release|x64
		{2F4AFF99-6C6B-42A5-961A-7714F8278D57}.Release|x64.Build.0 = Release|x64
		{2F4AFF99-6C6B-42A5-961A-7714F8278D57}.Release|x86.ActiveCfg = Release|Win32
		{2F4AFF99-6C6B-42A5-961A-7714F8278D57}.Release|x86.Build.0 = Release|Win32
		{9BA278E9-0E24-4C68-BAA1-802A35E55BC8}.Debug|x64.ActiveCfg = Debug|x64
		{9BA278E9-0E24-4C68-BAA1-802A35E55BC8}.Debug|x64.Build.0 = Debug|x64
		{9BA278E9-0E24-4C68-BAA1-802A35E55BC8}.Debug|x86.ActiveCfg = Debug|Win32
		{9BA278E9-0E24-4C68-BAA1-802A35E55BC8}.Debug|x86.Build.0 = Debug|Win32
		{9BA278E9-0E24-4C68-BAA1-802A35E55BC8}.Release|x64.ActiveCfg = Release|x64
		{9BA278E9-0E24-4C68-BAA1-802A35E55BC8}.Release|x64.Build.0 = Release|x64
		{9BA278E9-0E24-4C68-BAA1-802A35E55BC8}.Release|x86.ActiveCfg = Release|Win32
		{9BA278E9-0E24-4C68-BAA1-802A35E55BC8}.Release|x86.Build.0 = Release|Win32
		{E9F68632-748F-4CBB-9657-671A3CEB384B}.Debug|x64.ActiveCfg = Debug|x64
		{E9F68632-748F-4CBB-9657-671A3CEB384B}.Debug|x64.Build.0 = Debug|x64
		{E9F68632-748F-4CBB-9657-671A3CEB384B}.Debug|x86.ActiveCfg = Debug|Win32
		{E9F68632-748F-4CBB-9657-671A3CEB384B}.Debug|x86.Build.0 = Debug|Win32
		{E9F68632-748F-4CBB-9657-671A3CEB384B}.Release|x64.ActiveCfg = Release|x64
		{E9F68632-748F-4CBB-9657-671A3CEB384B}.Release|x64.Build.0 = Release|x64
		{E9F68632-748F-4CBB-9657-671A3CEB384B}.Release|x86.ActiveCfg = Release|Win32
		{E9F68632-748F-4CBB-9657-671A3CEB384B}.Release|x86.Build.0 = Release|Win32
		{F250EF7A-06F3-4170-83EB-46E720551A99}.Debug|x64.ActiveCfg = Debug|x64
		{F250EF7A-06F3-4170-83EB-46E720551A99}.Debug|x64.Build.0 = Debug|x64
		{F250EF7A-06F3-4170-83EB-46E720551A99}.Debug|x86.ActiveCfg = Debug|Win32
		{F250EF7A-06F3-4170-83EB-46E720551A99}.Debug|x86.Build.0 = Debug|Win32
		{F250EF7A-06F3-4170-83EB-46E720551A99}.Release|x64.ActiveCfg = Release|x64
		{F250EF7A-06F3-4170-83EB-46E720551A99}.Release|x64.Build.0 = Release|x64
		{F250EF7A-06F3-4170-83EB-46E720551A99}.Release|x86.ActiveCfg = Release|Win32
		{F250EF7A-06F3-4170-83EB-46E720551A99}.Release|x86.Build.0 = Release|Win32
		{BCFC1471-7D5D-4BF7-9723-94BBA51B3037}.Debug|x64.ActiveCfg = Debug|x64
		{BCFC1471-7D5D-4BF7-9723-94BBA51B3037}.Debug|x64.Build.0 = Debug|x64
		{BCFC1471-7D5D-4BF7-9723-94BBA51B3037}.Debug|x86.ActiveCfg = Debug|Win32
		{BCFC1471-7D5D-4BF7-9723-94BBA51B3037}.Debug|x86.Build.0 = Debug|Win32
		{BCFC1471-7D5D-4BF7-9723-94BBA51B3037}.Release|x64.ActiveCfg = Release|x64
		{BCFC1471-7D5D-4BF7-9723-94BBA51B3037}.Release|x64.Build.0 = Release|x64
		{BCFC1471-7D5D-4BF7-9723-94BBA51B3037}.Release|x86.ActiveCfg = Release|Win32
		{BCFC1471-7D5D-4BF7-9723-94BBA51B3037}.Release|x86.Build.0 = Release|Win32
	EndGlobalSection
	GlobalSection(SolutionProperties) = preSolution
		HideSolutionNode = FALSE
	EndGlobalSection
EndGlobal
